{
  "name": "@tagspaces/image-viewer",
  "version": "1.0.245",
  "lockfileVersion": 3,
  "requires": true,
  "packages": {
    "": {
      "name": "@tagspaces/image-viewer",
      "version": "1.0.245",
      "license": "MIT",
      "dependencies": {
        "exif-js": "2.3.0",
        "psd": "3.4.0",
        "utif.ts": "3.1.1"
      }
    },
    "node_modules/coffee-script": {
      "version": "1.7.1",
      "license": "MIT",
      "dependencies": {
        "mkdirp": "~0.3.5"
      },
      "bin": {
        "cake": "bin/cake",
        "coffee": "bin/coffee"
      },
      "engines": {
        "node": ">=0.8.0"
      }
    },
    "node_modules/coffeescript-module": {
      "version": "0.2.1"
    },
    "node_modules/exif-js": {
      "version": "2.3.0",
      "license": "MIT"
    },
    "node_modules/iconv-lite": {
      "version": "0.4.24",
      "license": "MIT",
      "dependencies": {
        "safer-buffer": ">= 2.1.2 < 3"
      },
      "engines": {
        "node": ">=0.10.0"
      }
    },
    "node_modules/jspack": {
      "version": "0.0.4"
    },
    "node_modules/lodash": {
      "version": "4.17.21",
      "license": "MIT"
    },
    "node_modules/mkdirp": {
      "version": "0.3.5",
      "license": "MIT"
    },
    "node_modules/pako": {
      "version": "1.0.11",
      "license": "(MIT AND Zlib)"
    },
    "node_modules/parse-engine-data": {
      "version": "0.1.2",
      "license": "MIT",
      "dependencies": {
        "iconv-lite": "^0.4.4"
      }
    },
    "node_modules/pngjs": {
      "version": "3.2.0",
      "license": "MIT",
      "engines": {
        "node": ">=4.0.0"
      }
    },
    "node_modules/psd": {
      "version": "3.4.0",
      "dependencies": {
        "coffee-script": "~ 1.7.1",
        "coffeescript-module": "~ 0.2.1",
        "iconv-lite": "~ 0.4.4",
        "jspack": "~ 0.0.3",
        "lodash": "~4.17.21",
        "parse-engine-data": "~ 0.1",
        "pngjs": "3.2.0",
        "rsvp": "~ 3.0.6"
      }
    },
    "node_modules/rsvp": {
      "version": "3.0.21",
      "license": "MIT"
    },
    "node_modules/safer-buffer": {
      "version": "2.1.2",
      "license": "MIT"
    },
    "node_modules/utif.ts": {
      "version": "3.1.1",
      "resolved": "https://registry.npmjs.org/utif.ts/-/utif.ts-3.1.1.tgz",
      "integrity": "sha512-FPBuK7MYuozEGKfTd49svDh0HcrHH32vht3LmTfCbg4F7tQFbK+gVTt+t8Fo3K0TTXmUNjwGh+0PDy1fjK5Mjw==",
      "license": "MIT",
      "dependencies": {
        "pako": "^1.0.5"
      }
    }
  }
}
