# THIS IS AN AUTOGENERATED FILE. DO NOT EDIT THIS FILE DIRECTLY.
# yarn lockfile v1


"coffee-script@~ 1.7.1":
  version "1.7.1"
  resolved "https://registry.yarnpkg.com/coffee-script/-/coffee-script-1.7.1.tgz#62996a861780c75e6d5069d13822723b73404bfc"
  integrity sha1-YplqhheAx15tUGnROCJyO3NAS/w=
  dependencies:
    mkdirp "~0.3.5"

"coffeescript-module@~ 0.2.1":
  version "0.2.1"
  resolved "https://registry.yarnpkg.com/coffeescript-module/-/coffeescript-module-0.2.1.tgz#2c61aa86983cacd226719f9f1dda923cb0ae67b0"
  integrity sha1-LGGqhpg8rNImcZ+fHdqSPLCuZ7A=

exif-js@2.3.0:
  version "2.3.0"
  resolved "https://registry.yarnpkg.com/exif-js/-/exif-js-2.3.0.tgz#9d10819bf571f873813e7640241255ab9ce1a814"
  integrity sha1-nRCBm/Vx+HOBPnZAJBJVq5zhqBQ=

iconv-lite@^0.4.4, "iconv-lite@~ 0.4.4":
  version "0.4.24"
  resolved "https://registry.yarnpkg.com/iconv-lite/-/iconv-lite-0.4.24.tgz#2022b4b25fbddc21d2f524974a474aafe733908b"
  integrity sha512-v3MXnZAcvnywkTUEZomIActle7RXXeedOR31wwl7VlyoXO4Qi9arvSenNQWne1TcRwhCL1HwLI21bEqdpj8/rA==
  dependencies:
    safer-buffer ">= 2.1.2 < 3"

"jspack@~ 0.0.3":
  version "0.0.4"
  resolved "https://registry.yarnpkg.com/jspack/-/jspack-0.0.4.tgz#32dd35c7fdcb3e3456c18fbb7ef9ed0bc6238177"
  integrity sha1-Mt01x/3LPjRWwY+7fvntC8YjgXc=

"lodash@~ 2.4":
  version "2.4.2"
  resolved "https://registry.yarnpkg.com/lodash/-/lodash-2.4.2.tgz#fadd834b9683073da179b3eae6d9c0d15053f73e"
  integrity sha1-+t2DS5aDBz2hebPq5tnA0VBT9z4=

mkdirp@~0.3.5:
  version "0.3.5"
  resolved "https://registry.yarnpkg.com/mkdirp/-/mkdirp-0.3.5.tgz#de3e5f8961c88c787ee1368df849ac4413eca8d7"
  integrity sha1-3j5fiWHIjHh+4TaN+EmsRBPsqNc=

nanobar@~0.4.2:
  version "0.4.2"
  resolved "https://registry.yarnpkg.com/nanobar/-/nanobar-0.4.2.tgz#01c512e6c662e38562694f64e4a88a253732f48f"
  integrity sha1-AcUS5sZi44ViaU9k5KiKJTcy9I8=

"parse-engine-data@~ 0.1":
  version "0.1.2"
  resolved "https://registry.yarnpkg.com/parse-engine-data/-/parse-engine-data-0.1.2.tgz#5161f6133c9888f52155ecced42716575dfea052"
  integrity sha1-UWH2EzyYiPUhVezO1CcWV13+oFI=
  dependencies:
    iconv-lite "^0.4.4"

pngjs@3.2.0:
  version "3.2.0"
  resolved "https://registry.yarnpkg.com/pngjs/-/pngjs-3.2.0.tgz#fc9fcea1a8a375da54a51148019d5abd41dbabde"
  integrity sha1-/J/OoaijddpUpRFIAZ1avUHbq94=

psd@~3.2.0:
  version "3.2.0"
  resolved "https://registry.yarnpkg.com/psd/-/psd-3.2.0.tgz#d721c40207d4c99d82fee4ae2d7cfca4fb073da8"
  integrity sha512-T3xchHRLA0IuahyaX3Q4/Ml0nRbjWX5QIFw0JK2OxFBnCfJzZwFiGqJ4N93KHfvxuy0NXJdcvr1xYy6AKDVytw==
  dependencies:
    coffee-script "~ 1.7.1"
    coffeescript-module "~ 0.2.1"
    iconv-lite "~ 0.4.4"
    jspack "~ 0.0.3"
    lodash "~ 2.4"
    parse-engine-data "~ 0.1"
    pngjs "3.2.0"
    rsvp "~ 3.0.6"

"rsvp@~ 3.0.6":
  version "3.0.21"
  resolved "https://registry.yarnpkg.com/rsvp/-/rsvp-3.0.21.tgz#49c588fe18ef293bcd0ab9f4e6756e6ac433359f"
  integrity sha1-ScWI/hjvKTvNCrn05nVuasQzNZ8=

"safer-buffer@>= 2.1.2 < 3":
  version "2.1.2"
  resolved "https://registry.yarnpkg.com/safer-buffer/-/safer-buffer-2.1.2.tgz#44fa161b0187b9549dd84bb91802f9bd8385cd6a"
  integrity sha512-YZo3K82SD7Riyi0E1EQPojLz7kpepnSQI9IyPbHHg1XXXevb5dJI7tpyN2ADxGcQbHG7vcyRHk0cbwqcQriUtg==

"tiff.js@https://github.com/seikichi/tiff.js.git":
  version "1.0.0"
  resolved "https://github.com/seikichi/tiff.js.git#545ede3ee46b5a5bc5f06d65954e775aa2a64017"

viewerjs@1.10.1:
  version "1.10.1"
  resolved "https://registry.yarnpkg.com/viewerjs/-/viewerjs-1.10.1.tgz#07499ed043d0a29e3002b90f55c5b228bd1a742c"
  integrity sha512-Oyzd3JP9dDSd+bBulfnQ+UTfHoobFwkmcT/uKSnQXjmPz7rZU0HJIiKudxPaMsiv17dr4Sm1cHnASJcDlFw1PA==
